
Microsoft Visual Studio Solution File, Format Version 12.00
# Visual Studio Version 17
VisualStudioVersion = 17.9.34728.123
MinimumVisualStudioVersion = 10.0.40219.1
Project("{8BC9CEB8-8B4A-11D0-8D11-00A0C91BC942}") = "podgotovka_k_ekzu", "podgotovka_k_ekzu\podgotovka_k_ekzu.vcxproj", "{E748C6EC-D24F-49AE-A95E-F2CC99A1B7D7}"
EndProject
Global
	GlobalSection(SolutionConfigurationPlatforms) = preSolution
		Debug|x64 = Debug|x64
		Debug|x86 = Debug|x86
		Release|x64 = Release|x64
		Release|x86 = Release|x86
	EndGlobalSection
	GlobalSection(ProjectConfigurationPlatforms) = postSolution
		{E748C6EC-D24F-49AE-A95E-F2CC99A1B7D7}.Debug|x64.ActiveCfg = Debug|x64
		{E748C6EC-D24F-49AE-A95E-F2CC99A1B7D7}.Debug|x64.Build.0 = Debug|x64
		{E748C6EC-D24F-49AE-A95E-F2CC99A1B7D7}.Debug|x86.ActiveCfg = Debug|Win32
		{E748C6EC-D24F-49AE-A95E-F2CC99A1B7D7}.Debug|x86.Build.0 = Debug|Win32
		{E748C6EC-D24F-49AE-A95E-F2CC99A1B7D7}.Release|x64.ActiveCfg = Release|x64
		{E748C6EC-D24F-49AE-A95E-F2CC99A1B7D7}.Release|x64.Build.0 = Release|x64
		{E748C6EC-D24F-49AE-A95E-F2CC99A1B7D7}.Release|x86.ActiveCfg = Release|Win32
		{E748C6EC-D24F-49AE-A95E-F2CC99A1B7D7}.Release|x86.Build.0 = Release|Win32
	EndGlobalSection
	GlobalSection(SolutionProperties) = preSolution
		HideSolutionNode = FALSE
	EndGlobalSection
	GlobalSection(ExtensibilityGlobals) = postSolution
		SolutionGuid = {F1B461ED-149F-42D0-ADA6-22D5A322E869}
	EndGlobalSection
EndGlobal
